{
  "version": 4,
  "terraform_version": "1.1.7",
  "serial": 5,
  "lineage": "a7c2d88c-c9b6-6acf-e2a3-767ba3b558b7",
  "outputs": {
    "external_ip_address_node01_yandex_cloud": {
      "value": "51.250.70.143",
      "type": "string"
    },
    "internal_ip_address_node01_yandex_cloud": {
      "value": "192.168.101.25",
      "type": "string"
    }
  },
  "resources": [
    {
      "mode": "managed",
      "type": "yandex_compute_instance",
      "name": "node01",
      "provider": "provider[\"registry.terraform.io/yandex-cloud/yandex\"]",
      "instances": [
        {
          "schema_version": 1,
          "attributes": {
            "allow_stopping_for_update": true,
            "boot_disk": [
              {
                "auto_delete": true,
                "device_name": "fhmqqk7l9o4bcnvea75g",
                "disk_id": "fhmqqk7l9o4bcnvea75g",
                "initialize_params": [
                  {
                    "block_size": 4096,
                    "description": "",
                    "image_id": "fd8np3p8c3ci2vginsr6",
                    "name": "root-node01",
                    "size": 50,
                    "snapshot_id": "",
                    "type": "network-ssd"
                  }
                ],
                "mode": "READ_WRITE"
              }
            ],
            "created_at": "2022-04-07T20:24:35Z",
            "description": "",
            "folder_id": "b1germtpul6t5a784q42",
            "fqdn": "node01.netology.cloud",
            "hostname": "node01",
            "id": "fhmuqhmf2kh4rakpa0l7",
            "labels": null,
            "metadata": {
              "ssh-keys": "centos:ssh-rsa AAAAB3NzaC1yc2EAAAADAQABAAABgQDT0AXB/Ds+256vnJ03Qfzux/9dt1f3Y/2YmVzq9TYAXn2AjqDX8Nuji1E4QgjHjIkuI7qhtyxLXwbtbVXohBvuyUwQD+lQzyvahxhvgU/t1x2zT80HAF+3yJ4VKxrgr38paj6IFvnQpnq/JcS4VapXu+VplM7ooBF4d6ujmLqsKtQUdTHDG9p2bAbqpha9TF21JSHxD/w58BNeWMWn8PJIfj3Y0zsiY5q53WHN0j7gpzY5ejmBN7DhbZpJIJ6z/BSeKiN2+aljhcBD8GfoUH2c7fzASD+AIo4UuEi4O6hKEwHa3L8U8UscZPVW0LJgmJoUWduBtvewqYsfmlAxNxQN7Ruztkn94ky0++oGM8sHqREFReW+Ph6OTFJ8SRgqLeNQLH7Sji9unbdawwEtkfLMOanLEimn4nTaDvffJ/AzD6GgBawN9ufiX6Ymgmp4PNNGm7iu+/+nBVMfp7brl2ZZdkifFvJRB3FtvZKD9dsPxkzWjbU6g7ZWcgbEn5GaKTU= heim@crow\n"
            },
            "name": "node01",
            "network_acceleration_type": "standard",
            "network_interface": [
              {
                "dns_record": [],
                "index": 0,
                "ip_address": "192.168.101.25",
                "ipv4": true,
                "ipv6": false,
                "ipv6_address": "",
                "ipv6_dns_record": [],
                "mac_address": "d0:0d:1e:d4:6c:f1",
                "nat": true,
                "nat_dns_record": [],
                "nat_ip_address": "51.250.70.143",
                "nat_ip_version": "IPV4",
                "security_group_ids": [],
                "subnet_id": "e9bomlb5dddn21v1plnu"
              }
            ],
            "placement_policy": [
              {
                "host_affinity_rules": [],
                "placement_group_id": ""
              }
            ],
            "platform_id": "standard-v1",
            "resources": [
              {
                "core_fraction": 100,
                "cores": 8,
                "gpus": 0,
                "memory": 8
              }
            ],
            "scheduling_policy": [
              {
                "preemptible": false
              }
            ],
            "secondary_disk": [],
            "service_account_id": "",
            "status": "running",
            "timeouts": null,
            "zone": "ru-central1-a"
          },
          "sensitive_attributes": [],
          "private": "eyJlMmJmYjczMC1lY2FhLTExZTYtOGY4OC0zNDM2M2JjN2M0YzAiOnsiY3JlYXRlIjozMDAwMDAwMDAwMDAsImRlbGV0ZSI6MzAwMDAwMDAwMDAwLCJ1cGRhdGUiOjMwMDAwMDAwMDAwMH0sInNjaGVtYV92ZXJzaW9uIjoiMSJ9",
          "dependencies": [
            "yandex_vpc_network.default",
            "yandex_vpc_subnet.default"
          ]
        }
      ]
    },
    {
      "mode": "managed",
      "type": "yandex_vpc_network",
      "name": "default",
      "provider": "provider[\"registry.terraform.io/yandex-cloud/yandex\"]",
      "instances": [
        {
          "schema_version": 0,
          "attributes": {
            "created_at": "2022-04-07T20:24:31Z",
            "default_security_group_id": "",
            "description": "",
            "folder_id": "b1germtpul6t5a784q42",
            "id": "enps71cg6u1q8e9gkj2j",
            "labels": {},
            "name": "net",
            "subnet_ids": [],
            "timeouts": null
          },
          "sensitive_attributes": [],
          "private": "eyJlMmJmYjczMC1lY2FhLTExZTYtOGY4OC0zNDM2M2JjN2M0YzAiOnsiY3JlYXRlIjo2MDAwMDAwMDAwMCwiZGVsZXRlIjo2MDAwMDAwMDAwMCwidXBkYXRlIjo2MDAwMDAwMDAwMH19"
        }
      ]
    },
    {
      "mode": "managed",
      "type": "yandex_vpc_subnet",
      "name": "default",
      "provider": "provider[\"registry.terraform.io/yandex-cloud/yandex\"]",
      "instances": [
        {
          "schema_version": 0,
          "attributes": {
            "created_at": "2022-04-07T20:24:33Z",
            "description": "",
            "dhcp_options": [],
            "folder_id": "b1germtpul6t5a784q42",
            "id": "e9bomlb5dddn21v1plnu",
            "labels": {},
            "name": "subnet",
            "network_id": "enps71cg6u1q8e9gkj2j",
            "route_table_id": "",
            "timeouts": null,
            "v4_cidr_blocks": [
              "192.168.101.0/24"
            ],
            "v6_cidr_blocks": [],
            "zone": "ru-central1-a"
          },
          "sensitive_attributes": [],
          "private": "eyJlMmJmYjczMC1lY2FhLTExZTYtOGY4OC0zNDM2M2JjN2M0YzAiOnsiY3JlYXRlIjoxODAwMDAwMDAwMDAsImRlbGV0ZSI6MTgwMDAwMDAwMDAwLCJ1cGRhdGUiOjE4MDAwMDAwMDAwMH19",
          "dependencies": [
            "yandex_vpc_network.default"
          ]
        }
      ]
    }
  ]
}
